
Microsoft Visual Studio Solution File, Format Version 12.00
# Visual Studio Version 17
VisualStudioVersion = 17.1.32407.343
MinimumVisualStudioVersion = 10.0.40219.1
Project("{9A19103F-16F7-4668-BE54-9A1E7A4F7556}") = "EntityFramework.PruebaConcepto", "EntityFramework.PruebaConcepto\EntityFramework.PruebaConcepto.csproj", "{50B67659-23DF-47CA-B92A-78D046F7DFB1}"
EndProject
Project("{2150E333-8FDC-42A3-9474-1A3956D46DE8}") = "SQL", "SQL", "{7B7A390B-B100-4C53-9CF2-6725B87F30B1}"
	ProjectSection(SolutionItems) = preProject
		SQL\01.SQLCreateTables.sql = SQL\01.SQLCreateTables.sql
		SQL\02.SQLQueriesAyuda.sql = SQL\02.SQLQueriesAyuda.sql
	EndProjectSection
EndProject
Global
	GlobalSection(SolutionConfigurationPlatforms) = preSolution
		Debug|Any CPU = Debug|Any CPU
		Release|Any CPU = Release|Any CPU
	EndGlobalSection
	GlobalSection(ProjectConfigurationPlatforms) = postSolution
		{50B67659-23DF-47CA-B92A-78D046F7DFB1}.Debug|Any CPU.ActiveCfg = Debug|Any CPU
		{50B67659-23DF-47CA-B92A-78D046F7DFB1}.Debug|Any CPU.Build.0 = Debug|Any CPU
		{50B67659-23DF-47CA-B92A-78D046F7DFB1}.Release|Any CPU.ActiveCfg = Release|Any CPU
		{50B67659-23DF-47CA-B92A-78D046F7DFB1}.Release|Any CPU.Build.0 = Release|Any CPU
	EndGlobalSection
	GlobalSection(SolutionProperties) = preSolution
		HideSolutionNode = FALSE
	EndGlobalSection
	GlobalSection(ExtensibilityGlobals) = postSolution
		SolutionGuid = {4C8E38CF-79D7-4994-8D03-6C4DF529C82D}
	EndGlobalSection
EndGlobal
